
Microsoft Visual Studio Solution File, Format Version 12.00
# Visual Studio 15
VisualStudioVersion = 15.0.28307.421
MinimumVisualStudioVersion = 10.0.40219.1
Project("{FAE04EC0-301F-11D3-BF4B-00C04F79EFBC}") = "GeometryDash", "GeometryDash\GeometryDash.csproj", "{8EF9E2F6-FA9B-472A-B0F5-CE5B760DFF7F}"
EndProject
Global
	GlobalSection(SolutionConfigurationPlatforms) = preSolution
		Debug|Any CPU = Debug|Any CPU
		Release|Any CPU = Release|Any CPU
	EndGlobalSection
	GlobalSection(ProjectConfigurationPlatforms) = postSolution
		{8EF9E2F6-FA9B-472A-B0F5-CE5B760DFF7F}.Debug|Any CPU.ActiveCfg = Debug|Any CPU
		{8EF9E2F6-FA9B-472A-B0F5-CE5B760DFF7F}.Debug|Any CPU.Build.0 = Debug|Any CPU
		{8EF9E2F6-FA9B-472A-B0F5-CE5B760DFF7F}.Release|Any CPU.ActiveCfg = Release|Any CPU
		{8EF9E2F6-FA9B-472A-B0F5-CE5B760DFF7F}.Release|Any CPU.Build.0 = Release|Any CPU
	EndGlobalSection
	GlobalSection(SolutionProperties) = preSolution
		HideSolutionNode = FALSE
	EndGlobalSection
	GlobalSection(ExtensibilityGlobals) = postSolution
		SolutionGuid = {C06E3709-2321-4A1C-B4D2-EB7230692001}
	EndGlobalSection
EndGlobal
